<?xml version="1.0" encoding="utf-8"?>
<Project ToolsVersion="4.0" xmlns="http://schemas.microsoft.com/developer/msbuild/2003">
  <ItemGroup>
    <Filter Include="Source Files">
      <UniqueIdentifier>{4FC737F1-C7A5-4376-A066-2A32D752A2FF}</UniqueIdentifier>
      <Extensions>cpp;c;cc;cxx;c++;cppm;ixx;def;odl;idl;hpj;bat;asm;asmx</Extensions>
    </Filter>
    <Filter Include="Header Files">
      <UniqueIdentifier>{93995380-89BD-4b04-88EB-625FBE52EBFB}</UniqueIdentifier>
      <Extensions>h;hh;hpp;hxx;h++;hm;inl;inc;ipp;xsd</Extensions>
    </Filter>
    <Filter Include="Resource Files">
      <UniqueIdentifier>{67DA6AB6-F800-4c08-8B7A-83BB121AAD01}</UniqueIdentifier>
      <Extensions>rc;ico;cur;bmp;dlg;rc2;rct;bin;rgs;gif;jpg;jpeg;jpe;resx;tiff;tif;png;wav;mfcribbon-ms</Extensions>
    </Filter>
  </ItemGroup>
  <ItemGroup>
    <ClCompile Include="Function\Function.c">
      <Filter>Source Files</Filter>
    </ClCompile>
    <ClCompile Include="Helper\Helper.c">
      <Filter>Source Files</Filter>
    </ClCompile>
    <ClCompile Include="Genetic_Algorithm.c">
      <Filter>Source Files</Filter>
    </ClCompile>
    <ClCompile Include="Utility\crossover.c">
      <Filter>Source Files</Filter>
    </ClCompile>
    <ClCompile Include="Utility\flatten.c">
      <Filter>Source Files</Filter>
    </ClCompile>
    <ClCompile Include="Utility\mutation.c">
      <Filter>Source Files</Filter>
    </ClCompile>
    <ClCompile Include="Utility\pop.c">
      <Filter>Source Files</Filter>
    </ClCompile>
    <ClCompile Include="Utility\process.c">
      <Filter>Source Files</Filter>
    </ClCompile>
    <ClCompile Include="Utility\selection.c">
      <Filter>Source Files</Filter>
    </ClCompile>
    <ClCompile Include="Logging\logging.c">
      <Filter>Source Files</Filter>
    </ClCompile>
  </ItemGroup>
  <ItemGroup>
    <ClInclude Include="Function\Function.h">
      <Filter>Header Files</Filter>
    </ClInclude>
    <ClInclude Include="Helper\Helper.h">
      <Filter>Header Files</Filter>
    </ClInclude>
    <ClInclude Include="Helper\Struct.h">
      <Filter>Header Files</Filter>
    </ClInclude>
    <ClInclude Include="Genetic_Algorithm.h">
      <Filter>Header Files</Filter>
    </ClInclude>
    <ClInclude Include="Utility\crossover.h">
      <Filter>Header Files</Filter>
    </ClInclude>
    <ClInclude Include="Utility\flatten.h">
      <Filter>Header Files</Filter>
    </ClInclude>
    <ClInclude Include="Utility\mutation.h">
      <Filter>Header Files</Filter>
    </ClInclude>
    <ClInclude Include="Utility\pop.h">
      <Filter>Header Files</Filter>
    </ClInclude>
    <ClInclude Include="Utility\process.h">
      <Filter>Header Files</Filter>
    </ClInclude>
    <ClInclude Include="Utility\selection.h">
      <Filter>Header Files</Filter>
    </ClInclude>
    <ClInclude Include="Logging\logging.h">
      <Filter>Header Files</Filter>
    </ClInclude>
  </ItemGroup>
  <ItemGroup>
    <None Include="Logging\Logging.py" />
    <None Include="Genetic_Algorithm.py" />
    <None Include="Structs.py" />
    <None Include="build\StructGenerator.py" />
  </ItemGroup>
</Project>